
Microsoft Visual Studio Solution File, Format Version 12.00
# Visual Studio Version 17
VisualStudioVersion = 17.5.002.0
MinimumVisualStudioVersion = 10.0.40219.1
Project("{9A19103F-16F7-4668-BE54-9A1E7A4F7556}") = "GUI", "GUI.csproj", "{FF0CD144-4C33-4378-9D8B-BABB79FB073E}"
EndProject
Global
	GlobalSection(SolutionConfigurationPlatforms) = preSolution
		Debug|Any CPU = Debug|Any CPU
		Release|Any CPU = Release|Any CPU
	EndGlobalSection
	GlobalSection(ProjectConfigurationPlatforms) = postSolution
		{FF0CD144-4C33-4378-9D8B-BABB79FB073E}.Debug|Any CPU.ActiveCfg = Debug|Any CPU
		{FF0CD144-4C33-4378-9D8B-BABB79FB073E}.Debug|Any CPU.Build.0 = Debug|Any CPU
		{FF0CD144-4C33-4378-9D8B-BABB79FB073E}.Release|Any CPU.ActiveCfg = Release|Any CPU
		{FF0CD144-4C33-4378-9D8B-BABB79FB073E}.Release|Any CPU.Build.0 = Release|Any CPU
	EndGlobalSection
	GlobalSection(SolutionProperties) = preSolution
		HideSolutionNode = FALSE
	EndGlobalSection
	GlobalSection(ExtensibilityGlobals) = postSolution
		SolutionGuid = {C537F796-0D41-4960-81F4-774021483E07}
	EndGlobalSection
EndGlobal
